
Microsoft Visual Studio Solution File, Format Version 12.00
# Visual Studio Version 17
VisualStudioVersion = 17.0.31903.59
MinimumVisualStudioVersion = 10.0.40219.1
Project("{FAE04EC0-301F-11D3-BF4B-00C04F79EFBC}") = "Dima.Core", "Dima.Core\Dima.Core.csproj", "{3AB9F700-FF2C-4E58-9F28-09BF872C1175}"
EndProject
Project("{FAE04EC0-301F-11D3-BF4B-00C04F79EFBC}") = "Dima.Api", "Dima.Api\Dima.Api.csproj", "{A38CA4DD-DD46-405B-9E42-E5DFC4E28229}"
EndProject
Project("{FAE04EC0-301F-11D3-BF4B-00C04F79EFBC}") = "Dima.Web", "Dima.Web\Dima.Web.csproj", "{B07D34BF-F8EB-413B-918F-A352409EF313}"
EndProject
Project("{FAE04EC0-301F-11D3-BF4B-00C04F79EFBC}") = "Dima.Tests", "Dima.Tests\Dima.Tests.csproj", "{5C42540C-CB60-46E3-8C6A-2FCA39B53A9A}"
EndProject
Global
	GlobalSection(SolutionConfigurationPlatforms) = preSolution
		Debug|Any CPU = Debug|Any CPU
		Debug|x64 = Debug|x64
		Debug|x86 = Debug|x86
		Release|Any CPU = Release|Any CPU
		Release|x64 = Release|x64
		Release|x86 = Release|x86
	EndGlobalSection
	GlobalSection(ProjectConfigurationPlatforms) = postSolution
		{3AB9F700-FF2C-4E58-9F28-09BF872C1175}.Debug|Any CPU.ActiveCfg = Debug|Any CPU
		{3AB9F700-FF2C-4E58-9F28-09BF872C1175}.Debug|Any CPU.Build.0 = Debug|Any CPU
		{3AB9F700-FF2C-4E58-9F28-09BF872C1175}.Debug|x64.ActiveCfg = Debug|Any CPU
		{3AB9F700-FF2C-4E58-9F28-09BF872C1175}.Debug|x64.Build.0 = Debug|Any CPU
		{3AB9F700-FF2C-4E58-9F28-09BF872C1175}.Debug|x86.ActiveCfg = Debug|Any CPU
		{3AB9F700-FF2C-4E58-9F28-09BF872C1175}.Debug|x86.Build.0 = Debug|Any CPU
		{3AB9F700-FF2C-4E58-9F28-09BF872C1175}.Release|Any CPU.ActiveCfg = Release|Any CPU
		{3AB9F700-FF2C-4E58-9F28-09BF872C1175}.Release|Any CPU.Build.0 = Release|Any CPU
		{3AB9F700-FF2C-4E58-9F28-09BF872C1175}.Release|x64.ActiveCfg = Release|Any CPU
		{3AB9F700-FF2C-4E58-9F28-09BF872C1175}.Release|x64.Build.0 = Release|Any CPU
		{3AB9F700-FF2C-4E58-9F28-09BF872C1175}.Release|x86.ActiveCfg = Release|Any CPU
		{3AB9F700-FF2C-4E58-9F28-09BF872C1175}.Release|x86.Build.0 = Release|Any CPU
		{A38CA4DD-DD46-405B-9E42-E5DFC4E28229}.Debug|Any CPU.ActiveCfg = Debug|Any CPU
		{A38CA4DD-DD46-405B-9E42-E5DFC4E28229}.Debug|Any CPU.Build.0 = Debug|Any CPU
		{A38CA4DD-DD46-405B-9E42-E5DFC4E28229}.Debug|x64.ActiveCfg = Debug|Any CPU
		{A38CA4DD-DD46-405B-9E42-E5DFC4E28229}.Debug|x64.Build.0 = Debug|Any CPU
		{A38CA4DD-DD46-405B-9E42-E5DFC4E28229}.Debug|x86.ActiveCfg = Debug|Any CPU
		{A38CA4DD-DD46-405B-9E42-E5DFC4E28229}.Debug|x86.Build.0 = Debug|Any CPU
		{A38CA4DD-DD46-405B-9E42-E5DFC4E28229}.Release|Any CPU.ActiveCfg = Release|Any CPU
		{A38CA4DD-DD46-405B-9E42-E5DFC4E28229}.Release|Any CPU.Build.0 = Release|Any CPU
		{A38CA4DD-DD46-405B-9E42-E5DFC4E28229}.Release|x64.ActiveCfg = Release|Any CPU
		{A38CA4DD-DD46-405B-9E42-E5DFC4E28229}.Release|x64.Build.0 = Release|Any CPU
		{A38CA4DD-DD46-405B-9E42-E5DFC4E28229}.Release|x86.ActiveCfg = Release|Any CPU
		{A38CA4DD-DD46-405B-9E42-E5DFC4E28229}.Release|x86.Build.0 = Release|Any CPU
		{B07D34BF-F8EB-413B-918F-A352409EF313}.Debug|Any CPU.ActiveCfg = Debug|Any CPU
		{B07D34BF-F8EB-413B-918F-A352409EF313}.Debug|Any CPU.Build.0 = Debug|Any CPU
		{B07D34BF-F8EB-413B-918F-A352409EF313}.Debug|x64.ActiveCfg = Debug|Any CPU
		{B07D34BF-F8EB-413B-918F-A352409EF313}.Debug|x64.Build.0 = Debug|Any CPU
		{B07D34BF-F8EB-413B-918F-A352409EF313}.Debug|x86.ActiveCfg = Debug|Any CPU
		{B07D34BF-F8EB-413B-918F-A352409EF313}.Debug|x86.Build.0 = Debug|Any CPU
		{B07D34BF-F8EB-413B-918F-A352409EF313}.Release|Any CPU.ActiveCfg = Release|Any CPU
		{B07D34BF-F8EB-413B-918F-A352409EF313}.Release|Any CPU.Build.0 = Release|Any CPU
		{B07D34BF-F8EB-413B-918F-A352409EF313}.Release|x64.ActiveCfg = Release|Any CPU
		{B07D34BF-F8EB-413B-918F-A352409EF313}.Release|x64.Build.0 = Release|Any CPU
		{B07D34BF-F8EB-413B-918F-A352409EF313}.Release|x86.ActiveCfg = Release|Any CPU
		{B07D34BF-F8EB-413B-918F-A352409EF313}.Release|x86.Build.0 = Release|Any CPU
		{5C42540C-CB60-46E3-8C6A-2FCA39B53A9A}.Debug|Any CPU.ActiveCfg = Debug|Any CPU
		{5C42540C-CB60-46E3-8C6A-2FCA39B53A9A}.Debug|Any CPU.Build.0 = Debug|Any CPU
		{5C42540C-CB60-46E3-8C6A-2FCA39B53A9A}.Debug|x64.ActiveCfg = Debug|Any CPU
		{5C42540C-CB60-46E3-8C6A-2FCA39B53A9A}.Debug|x64.Build.0 = Debug|Any CPU
		{5C42540C-CB60-46E3-8C6A-2FCA39B53A9A}.Debug|x86.ActiveCfg = Debug|Any CPU
		{5C42540C-CB60-46E3-8C6A-2FCA39B53A9A}.Debug|x86.Build.0 = Debug|Any CPU
		{5C42540C-CB60-46E3-8C6A-2FCA39B53A9A}.Release|Any CPU.ActiveCfg = Release|Any CPU
		{5C42540C-CB60-46E3-8C6A-2FCA39B53A9A}.Release|Any CPU.Build.0 = Release|Any CPU
		{5C42540C-CB60-46E3-8C6A-2FCA39B53A9A}.Release|x64.ActiveCfg = Release|Any CPU
		{5C42540C-CB60-46E3-8C6A-2FCA39B53A9A}.Release|x64.Build.0 = Release|Any CPU
		{5C42540C-CB60-46E3-8C6A-2FCA39B53A9A}.Release|x86.ActiveCfg = Release|Any CPU
		{5C42540C-CB60-46E3-8C6A-2FCA39B53A9A}.Release|x86.Build.0 = Release|Any CPU
	EndGlobalSection
	GlobalSection(SolutionProperties) = preSolution
		HideSolutionNode = FALSE
	EndGlobalSection
EndGlobal
